
Microsoft Visual Studio Solution File, Format Version 12.00
# Visual Studio Version 17
VisualStudioVersion = 17.9.34616.47
MinimumVisualStudioVersion = 10.0.40219.1
Project("{FAE04EC0-301F-11D3-BF4B-00C04F79EFBC}") = "projekt111", "projekt111\projekt111.csproj", "{5134E9B3-7076-4E54-9855-E949BD31ED43}"
EndProject
Global
	GlobalSection(SolutionConfigurationPlatforms) = preSolution
		Debug|Any CPU = Debug|Any CPU
		Release|Any CPU = Release|Any CPU
	EndGlobalSection
	GlobalSection(ProjectConfigurationPlatforms) = postSolution
		{5134E9B3-7076-4E54-9855-E949BD31ED43}.Debug|Any CPU.ActiveCfg = Debug|Any CPU
		{5134E9B3-7076-4E54-9855-E949BD31ED43}.Debug|Any CPU.Build.0 = Debug|Any CPU
		{5134E9B3-7076-4E54-9855-E949BD31ED43}.Release|Any CPU.ActiveCfg = Release|Any CPU
		{5134E9B3-7076-4E54-9855-E949BD31ED43}.Release|Any CPU.Build.0 = Release|Any CPU
	EndGlobalSection
	GlobalSection(SolutionProperties) = preSolution
		HideSolutionNode = FALSE
	EndGlobalSection
	GlobalSection(ExtensibilityGlobals) = postSolution
		SolutionGuid = {A5960369-D3FC-4187-B178-20CCD259B982}
	EndGlobalSection
EndGlobal
